
Microsoft Visual Studio Solution File, Format Version 12.00
# Visual Studio Version 17
VisualStudioVersion = 17.11.35327.3
MinimumVisualStudioVersion = 10.0.40219.1
Project("{888888A0-9F3D-457C-B088-3A5042F75D52}") = "MSD_Hexapod_Simplified", "MSD_Hexapod_Simplified\MSD_Hexapod_Simplified.pyproj", "{6A3C52CB-414A-422E-BEA6-5D950E393754}"
EndProject
Global
	GlobalSection(SolutionConfigurationPlatforms) = preSolution
		Debug|Any CPU = Debug|Any CPU
		Release|Any CPU = Release|Any CPU
	EndGlobalSection
	GlobalSection(ProjectConfigurationPlatforms) = postSolution
		{6A3C52CB-414A-422E-BEA6-5D950E393754}.Debug|Any CPU.ActiveCfg = Debug|Any CPU
		{6A3C52CB-414A-422E-BEA6-5D950E393754}.Release|Any CPU.ActiveCfg = Release|Any CPU
	EndGlobalSection
	GlobalSection(SolutionProperties) = preSolution
		HideSolutionNode = FALSE
	EndGlobalSection
	GlobalSection(ExtensibilityGlobals) = postSolution
		SolutionGuid = {16479F02-49CD-423E-AEE4-D0912BADEE2E}
	EndGlobalSection
EndGlobal
